
Microsoft Visual Studio Solution File, Format Version 12.00
# Visual Studio Version 17
VisualStudioVersion = 17.10.35013.160
MinimumVisualStudioVersion = 17.10.0.0
Project("{9A19103F-16F7-4668-BE54-9A1E7A4F7556}") = "S100Framework.Catalogues", "src\Core\S100Framework.Catalogues\S100Framework.Catalogues.csproj", "{FC277E10-106E-4985-A520-23782561460F}"
EndProject
Project("{2150E333-8FDC-42A3-9474-1A3956D46DE8}") = "Applications", "Applications", "{83D42794-241F-4EED-99E4-C6309BA88041}"
EndProject
Project("{2150E333-8FDC-42A3-9474-1A3956D46DE8}") = "Tests", "Tests", "{0A3B2562-DD1E-4E0C-B170-AEE80FF4DD0C}"
EndProject
Project("{2150E333-8FDC-42A3-9474-1A3956D46DE8}") = "S100Framework", "S100Framework", "{50685D39-00FF-4EDD-B55F-B37D1B24A5DF}"
EndProject
Project("{9A19103F-16F7-4668-BE54-9A1E7A4F7556}") = "S100Framework.WPF", "src\UI\S100Framework.WPF\S100Framework.WPF.csproj", "{D2C9EDAE-4FB7-4CB5-AD63-1ABF7D9E80BD}"
EndProject
Project("{FAE04EC0-301F-11D3-BF4B-00C04F79EFBC}") = "S100Framework.WPF.PropertyGrid", "src\UI\S100Framework.WPF.PropertyGrid\S100Framework.WPF.PropertyGrid.csproj", "{0D34C0DB-2BFA-FC19-3CDB-1D4601B443E4}"
EndProject
Project("{FAE04EC0-301F-11D3-BF4B-00C04F79EFBC}") = "PropertyGridApplication", "tests\UI.Tests\PropertyGridApplication\PropertyGridApplication.csproj", "{CF8F17D1-566C-46B9-8B2F-23BEAF4238F3}"
EndProject
Global
	GlobalSection(SolutionConfigurationPlatforms) = preSolution
		Debug|x64 = Debug|x64
		Release|x64 = Release|x64
	EndGlobalSection
	GlobalSection(ProjectConfigurationPlatforms) = postSolution
		{FC277E10-106E-4985-A520-23782561460F}.Debug|x64.ActiveCfg = Debug|Any CPU
		{FC277E10-106E-4985-A520-23782561460F}.Debug|x64.Build.0 = Debug|Any CPU
		{FC277E10-106E-4985-A520-23782561460F}.Release|x64.ActiveCfg = Release|Any CPU
		{D2C9EDAE-4FB7-4CB5-AD63-1ABF7D9E80BD}.Debug|x64.ActiveCfg = Debug|Any CPU
		{D2C9EDAE-4FB7-4CB5-AD63-1ABF7D9E80BD}.Debug|x64.Build.0 = Debug|Any CPU
		{D2C9EDAE-4FB7-4CB5-AD63-1ABF7D9E80BD}.Release|x64.ActiveCfg = Release|Any CPU
		{0D34C0DB-2BFA-FC19-3CDB-1D4601B443E4}.Debug|x64.ActiveCfg = Debug|Any CPU
		{0D34C0DB-2BFA-FC19-3CDB-1D4601B443E4}.Debug|x64.Build.0 = Debug|Any CPU
		{0D34C0DB-2BFA-FC19-3CDB-1D4601B443E4}.Release|x64.ActiveCfg = Release|Any CPU
		{0D34C0DB-2BFA-FC19-3CDB-1D4601B443E4}.Release|x64.Build.0 = Release|Any CPU
		{CF8F17D1-566C-46B9-8B2F-23BEAF4238F3}.Debug|x64.ActiveCfg = Debug|Any CPU
		{CF8F17D1-566C-46B9-8B2F-23BEAF4238F3}.Debug|x64.Build.0 = Debug|Any CPU
		{CF8F17D1-566C-46B9-8B2F-23BEAF4238F3}.Release|x64.ActiveCfg = Release|Any CPU
		{CF8F17D1-566C-46B9-8B2F-23BEAF4238F3}.Release|x64.Build.0 = Release|Any CPU
	EndGlobalSection
	GlobalSection(SolutionProperties) = preSolution
		HideSolutionNode = FALSE
	EndGlobalSection
	GlobalSection(NestedProjects) = preSolution
		{FC277E10-106E-4985-A520-23782561460F} = {50685D39-00FF-4EDD-B55F-B37D1B24A5DF}
		{D2C9EDAE-4FB7-4CB5-AD63-1ABF7D9E80BD} = {50685D39-00FF-4EDD-B55F-B37D1B24A5DF}
		{0D34C0DB-2BFA-FC19-3CDB-1D4601B443E4} = {50685D39-00FF-4EDD-B55F-B37D1B24A5DF}
		{CF8F17D1-566C-46B9-8B2F-23BEAF4238F3} = {83D42794-241F-4EED-99E4-C6309BA88041}
	EndGlobalSection
	GlobalSection(ExtensibilityGlobals) = postSolution
		SolutionGuid = {E973A0E9-A7CE-469B-A225-A426A3E0FAAF}
	EndGlobalSection
EndGlobal
