
Microsoft Visual Studio Solution File, Format Version 12.00
# Visual Studio Version 17
VisualStudioVersion = 17.14.36408.4
MinimumVisualStudioVersion = 10.0.40219.1
Project("{2150E333-8FDC-42A3-9474-1A3956D46DE8}") = "S100Framework", "S100Framework", "{02EA681E-C7D8-13C7-8484-4AC65E1B71E8}"
EndProject
Project("{FAE04EC0-301F-11D3-BF4B-00C04F79EFBC}") = "S100Framework.Catalogues", "src\Core\S100Framework.Catalogues\S100Framework.Catalogues.csproj", "{55976168-1A24-B3C3-CB45-3B719FEE332C}"
EndProject
Project("{FAE04EC0-301F-11D3-BF4B-00C04F79EFBC}") = "S100Framework.ArcGIS.Core", "src\Core\S100Framework.ArcGIS.Core\S100Framework.ArcGIS.Core.csproj", "{000BA5F1-AB0A-A38E-B79D-C3F28627EE8F}"
EndProject
Project("{FAE04EC0-301F-11D3-BF4B-00C04F79EFBC}") = "S100Framework.GML", "src\Core\S100Framework.GML\S100Framework.GML.csproj", "{2D7D4455-D93B-0F91-9601-31CE2E6774BA}"
EndProject
Project("{FAE04EC0-301F-11D3-BF4B-00C04F79EFBC}") = "S100Framework.ProductCatalogue", "src\Core\S100Framework.ProductCatalogue\S100Framework.ProductCatalogue.csproj", "{9C42F523-CEE8-44F2-E5C6-0F49930AB94F}"
EndProject
Project("{FAE04EC0-301F-11D3-BF4B-00C04F79EFBC}") = "S100Framework.Topology", "src\Core\S100Framework.Topology\S100Framework.Topology.csproj", "{079F285A-38B9-5E16-18DE-039726038B78}"
EndProject
Project("{FAE04EC0-301F-11D3-BF4B-00C04F79EFBC}") = "S100Framework.YAML", "src\Core\S100Framework.YAML\S100Framework.YAML.csproj", "{07699F13-329E-6A37-754E-270500E90FB1}"
EndProject
Project("{2150E333-8FDC-42A3-9474-1A3956D46DE8}") = "Tests", "Tests", "{E66BF2BD-F9E4-4699-B29D-6CAF5DE7A004}"
EndProject
Project("{FAE04EC0-301F-11D3-BF4B-00C04F79EFBC}") = "TestNIPWG", "tests\Core.Tests\TestNIPWG\TestNIPWG.csproj", "{36135087-E7D4-4B21-867D-58FEF5FE62FE}"
EndProject
Project("{FAE04EC0-301F-11D3-BF4B-00C04F79EFBC}") = "TestS100", "tests\Core.Tests\TestS100\TestS100.csproj", "{C307FFF8-14D8-4229-A134-EE59EB9208CA}"
EndProject
Global
	GlobalSection(SolutionConfigurationPlatforms) = preSolution
		Debug|Any CPU = Debug|Any CPU
		Release|Any CPU = Release|Any CPU
	EndGlobalSection
	GlobalSection(ProjectConfigurationPlatforms) = postSolution
		{55976168-1A24-B3C3-CB45-3B719FEE332C}.Debug|Any CPU.ActiveCfg = Debug|Any CPU
		{55976168-1A24-B3C3-CB45-3B719FEE332C}.Debug|Any CPU.Build.0 = Debug|Any CPU
		{55976168-1A24-B3C3-CB45-3B719FEE332C}.Release|Any CPU.ActiveCfg = Release|Any CPU
		{55976168-1A24-B3C3-CB45-3B719FEE332C}.Release|Any CPU.Build.0 = Release|Any CPU
		{000BA5F1-AB0A-A38E-B79D-C3F28627EE8F}.Debug|Any CPU.ActiveCfg = Debug|Any CPU
		{000BA5F1-AB0A-A38E-B79D-C3F28627EE8F}.Debug|Any CPU.Build.0 = Debug|Any CPU
		{000BA5F1-AB0A-A38E-B79D-C3F28627EE8F}.Release|Any CPU.ActiveCfg = Release|Any CPU
		{000BA5F1-AB0A-A38E-B79D-C3F28627EE8F}.Release|Any CPU.Build.0 = Release|Any CPU
		{2D7D4455-D93B-0F91-9601-31CE2E6774BA}.Debug|Any CPU.ActiveCfg = Debug|Any CPU
		{2D7D4455-D93B-0F91-9601-31CE2E6774BA}.Debug|Any CPU.Build.0 = Debug|Any CPU
		{2D7D4455-D93B-0F91-9601-31CE2E6774BA}.Release|Any CPU.ActiveCfg = Release|Any CPU
		{2D7D4455-D93B-0F91-9601-31CE2E6774BA}.Release|Any CPU.Build.0 = Release|Any CPU
		{9C42F523-CEE8-44F2-E5C6-0F49930AB94F}.Debug|Any CPU.ActiveCfg = Debug|Any CPU
		{9C42F523-CEE8-44F2-E5C6-0F49930AB94F}.Debug|Any CPU.Build.0 = Debug|Any CPU
		{9C42F523-CEE8-44F2-E5C6-0F49930AB94F}.Release|Any CPU.ActiveCfg = Release|Any CPU
		{9C42F523-CEE8-44F2-E5C6-0F49930AB94F}.Release|Any CPU.Build.0 = Release|Any CPU
		{079F285A-38B9-5E16-18DE-039726038B78}.Debug|Any CPU.ActiveCfg = Debug|Any CPU
		{079F285A-38B9-5E16-18DE-039726038B78}.Debug|Any CPU.Build.0 = Debug|Any CPU
		{079F285A-38B9-5E16-18DE-039726038B78}.Release|Any CPU.ActiveCfg = Release|Any CPU
		{079F285A-38B9-5E16-18DE-039726038B78}.Release|Any CPU.Build.0 = Release|Any CPU
		{07699F13-329E-6A37-754E-270500E90FB1}.Debug|Any CPU.ActiveCfg = Debug|Any CPU
		{07699F13-329E-6A37-754E-270500E90FB1}.Debug|Any CPU.Build.0 = Debug|Any CPU
		{07699F13-329E-6A37-754E-270500E90FB1}.Release|Any CPU.ActiveCfg = Release|Any CPU
		{07699F13-329E-6A37-754E-270500E90FB1}.Release|Any CPU.Build.0 = Release|Any CPU
		{36135087-E7D4-4B21-867D-58FEF5FE62FE}.Debug|Any CPU.ActiveCfg = Debug|Any CPU
		{36135087-E7D4-4B21-867D-58FEF5FE62FE}.Debug|Any CPU.Build.0 = Debug|Any CPU
		{36135087-E7D4-4B21-867D-58FEF5FE62FE}.Release|Any CPU.ActiveCfg = Release|Any CPU
		{36135087-E7D4-4B21-867D-58FEF5FE62FE}.Release|Any CPU.Build.0 = Release|Any CPU
		{C307FFF8-14D8-4229-A134-EE59EB9208CA}.Debug|Any CPU.ActiveCfg = Debug|Any CPU
		{C307FFF8-14D8-4229-A134-EE59EB9208CA}.Debug|Any CPU.Build.0 = Debug|Any CPU
		{C307FFF8-14D8-4229-A134-EE59EB9208CA}.Release|Any CPU.ActiveCfg = Release|Any CPU
		{C307FFF8-14D8-4229-A134-EE59EB9208CA}.Release|Any CPU.Build.0 = Release|Any CPU
	EndGlobalSection
	GlobalSection(SolutionProperties) = preSolution
		HideSolutionNode = FALSE
	EndGlobalSection
	GlobalSection(NestedProjects) = preSolution
		{55976168-1A24-B3C3-CB45-3B719FEE332C} = {02EA681E-C7D8-13C7-8484-4AC65E1B71E8}
		{000BA5F1-AB0A-A38E-B79D-C3F28627EE8F} = {02EA681E-C7D8-13C7-8484-4AC65E1B71E8}
		{2D7D4455-D93B-0F91-9601-31CE2E6774BA} = {02EA681E-C7D8-13C7-8484-4AC65E1B71E8}
		{9C42F523-CEE8-44F2-E5C6-0F49930AB94F} = {02EA681E-C7D8-13C7-8484-4AC65E1B71E8}
		{079F285A-38B9-5E16-18DE-039726038B78} = {02EA681E-C7D8-13C7-8484-4AC65E1B71E8}
		{07699F13-329E-6A37-754E-270500E90FB1} = {02EA681E-C7D8-13C7-8484-4AC65E1B71E8}
		{36135087-E7D4-4B21-867D-58FEF5FE62FE} = {E66BF2BD-F9E4-4699-B29D-6CAF5DE7A004}
		{C307FFF8-14D8-4229-A134-EE59EB9208CA} = {E66BF2BD-F9E4-4699-B29D-6CAF5DE7A004}
	EndGlobalSection
	GlobalSection(ExtensibilityGlobals) = postSolution
		SolutionGuid = {9358891F-C474-47ED-BD91-2EB207BB8087}
	EndGlobalSection
EndGlobal
