
Microsoft Visual Studio Solution File, Format Version 12.00
# Visual Studio Version 17
VisualStudioVersion = 17.10.35013.160
MinimumVisualStudioVersion = 17.10.0.0
Project("{9A19103F-16F7-4668-BE54-9A1E7A4F7556}") = "VortexProAppModule", "src\Application\VortexProAppModule\VortexProAppModule.csproj", "{EA31F03E-850A-4000-B2A4-731796CBE22C}"
EndProject
Project("{9A19103F-16F7-4668-BE54-9A1E7A4F7556}") = "S100Framework.Roslyn", "src\Core\S100Framework.Roslyn\S100Framework.Roslyn.csproj", "{B541F0D1-484B-4F02-B3A5-6C66E55ED2F6}"
EndProject
Project("{9A19103F-16F7-4668-BE54-9A1E7A4F7556}") = "TestS100Framework", "tests\Core.Tests\TestS100Framework\TestS100Framework.csproj", "{DA9509AE-7F11-4840-A0EC-D82A4F0072B7}"
EndProject
Project("{9A19103F-16F7-4668-BE54-9A1E7A4F7556}") = "S100Framework.Catalogues", "src\Core\S100Framework.Catalogues\S100Framework.Catalogues.csproj", "{FC277E10-106E-4985-A520-23782561460F}"
EndProject
Project("{9A19103F-16F7-4668-BE54-9A1E7A4F7556}") = "S100Framework.ArcGIS.Core", "src\Core\S100Framework.ArcGIS.Core\S100Framework.ArcGIS.Core.csproj", "{413260A1-3D58-4258-96A0-8CB07A02B34B}"
EndProject
Project("{2150E333-8FDC-42A3-9474-1A3956D46DE8}") = "Applications", "Applications", "{83D42794-241F-4EED-99E4-C6309BA88041}"
EndProject
Project("{9A19103F-16F7-4668-BE54-9A1E7A4F7556}") = "VortexLoader", "src\Application\VortexLoader\VortexLoader.csproj", "{ACCD1708-D77B-4B7D-84C7-C74D6141BC78}"
EndProject
Project("{9A19103F-16F7-4668-BE54-9A1E7A4F7556}") = "VortexConceptApplication", "tests\UI.Tests\VortexConceptApplication\VortexConceptApplication.csproj", "{42594BE3-582C-4B53-B9DD-6A878C58B99B}"
EndProject
Project("{2150E333-8FDC-42A3-9474-1A3956D46DE8}") = "Tests", "Tests", "{0A3B2562-DD1E-4E0C-B170-AEE80FF4DD0C}"
EndProject
Project("{2150E333-8FDC-42A3-9474-1A3956D46DE8}") = "S100Framework", "S100Framework", "{50685D39-00FF-4EDD-B55F-B37D1B24A5DF}"
EndProject
Project("{9A19103F-16F7-4668-BE54-9A1E7A4F7556}") = "S100Framework.GML", "src\Core\S100Framework.GML\S100Framework.GML.csproj", "{25D9743B-2E63-447A-B772-C7E527215829}"
EndProject
Project("{9A19103F-16F7-4668-BE54-9A1E7A4F7556}") = "TestS100Framework.Roslyn", "tests\Core.Tests\TestS100Framework.Roslyn\TestS100Framework.Roslyn.csproj", "{5433C338-6B59-4A0A-AC58-666BC2957464}"
EndProject
Project("{9A19103F-16F7-4668-BE54-9A1E7A4F7556}") = "S100Framework.WPF", "src\UI\S100Framework.WPF\S100Framework.WPF.csproj", "{D2C9EDAE-4FB7-4CB5-AD63-1ABF7D9E80BD}"
EndProject
Project("{9A19103F-16F7-4668-BE54-9A1E7A4F7556}") = "TestNisImporter", "tests\Core.Tests\TestNisImporter\TestNisImporter.csproj", "{9AF56CAB-F83B-4043-AE1C-F69D4DB15E71}"
EndProject
Project("{FAE04EC0-301F-11D3-BF4B-00C04F79EFBC}") = "S100Framework.YAML", "src\Core\S100Framework.YAML\S100Framework.YAML.csproj", "{4B7CD27B-CED0-4E0A-A90C-86411445ED13}"
EndProject
Global
	GlobalSection(SolutionConfigurationPlatforms) = preSolution
		Debug|Any CPU = Debug|Any CPU
		Release|Any CPU = Release|Any CPU
	EndGlobalSection
	GlobalSection(ProjectConfigurationPlatforms) = postSolution
		{EA31F03E-850A-4000-B2A4-731796CBE22C}.Debug|Any CPU.ActiveCfg = Debug|Any CPU
		{EA31F03E-850A-4000-B2A4-731796CBE22C}.Debug|Any CPU.Build.0 = Debug|Any CPU
		{EA31F03E-850A-4000-B2A4-731796CBE22C}.Release|Any CPU.ActiveCfg = Release|Any CPU
		{EA31F03E-850A-4000-B2A4-731796CBE22C}.Release|Any CPU.Build.0 = Release|Any CPU
		{B541F0D1-484B-4F02-B3A5-6C66E55ED2F6}.Debug|Any CPU.ActiveCfg = Debug|Any CPU
		{B541F0D1-484B-4F02-B3A5-6C66E55ED2F6}.Debug|Any CPU.Build.0 = Debug|Any CPU
		{B541F0D1-484B-4F02-B3A5-6C66E55ED2F6}.Release|Any CPU.ActiveCfg = Release|Any CPU
		{B541F0D1-484B-4F02-B3A5-6C66E55ED2F6}.Release|Any CPU.Build.0 = Release|Any CPU
		{DA9509AE-7F11-4840-A0EC-D82A4F0072B7}.Debug|Any CPU.ActiveCfg = Debug|Any CPU
		{DA9509AE-7F11-4840-A0EC-D82A4F0072B7}.Debug|Any CPU.Build.0 = Debug|Any CPU
		{DA9509AE-7F11-4840-A0EC-D82A4F0072B7}.Release|Any CPU.ActiveCfg = Release|Any CPU
		{DA9509AE-7F11-4840-A0EC-D82A4F0072B7}.Release|Any CPU.Build.0 = Release|Any CPU
		{FC277E10-106E-4985-A520-23782561460F}.Debug|Any CPU.ActiveCfg = Debug|Any CPU
		{FC277E10-106E-4985-A520-23782561460F}.Debug|Any CPU.Build.0 = Debug|Any CPU
		{FC277E10-106E-4985-A520-23782561460F}.Release|Any CPU.ActiveCfg = Release|Any CPU
		{FC277E10-106E-4985-A520-23782561460F}.Release|Any CPU.Build.0 = Release|Any CPU
		{413260A1-3D58-4258-96A0-8CB07A02B34B}.Debug|Any CPU.ActiveCfg = Debug|Any CPU
		{413260A1-3D58-4258-96A0-8CB07A02B34B}.Debug|Any CPU.Build.0 = Debug|Any CPU
		{413260A1-3D58-4258-96A0-8CB07A02B34B}.Release|Any CPU.ActiveCfg = Release|Any CPU
		{413260A1-3D58-4258-96A0-8CB07A02B34B}.Release|Any CPU.Build.0 = Release|Any CPU
		{ACCD1708-D77B-4B7D-84C7-C74D6141BC78}.Debug|Any CPU.ActiveCfg = Debug|Any CPU
		{ACCD1708-D77B-4B7D-84C7-C74D6141BC78}.Debug|Any CPU.Build.0 = Debug|Any CPU
		{ACCD1708-D77B-4B7D-84C7-C74D6141BC78}.Release|Any CPU.ActiveCfg = Release|Any CPU
		{ACCD1708-D77B-4B7D-84C7-C74D6141BC78}.Release|Any CPU.Build.0 = Release|Any CPU
		{42594BE3-582C-4B53-B9DD-6A878C58B99B}.Debug|Any CPU.ActiveCfg = Debug|Any CPU
		{42594BE3-582C-4B53-B9DD-6A878C58B99B}.Debug|Any CPU.Build.0 = Debug|Any CPU
		{42594BE3-582C-4B53-B9DD-6A878C58B99B}.Release|Any CPU.ActiveCfg = Release|Any CPU
		{42594BE3-582C-4B53-B9DD-6A878C58B99B}.Release|Any CPU.Build.0 = Release|Any CPU
		{25D9743B-2E63-447A-B772-C7E527215829}.Debug|Any CPU.ActiveCfg = Debug|Any CPU
		{25D9743B-2E63-447A-B772-C7E527215829}.Debug|Any CPU.Build.0 = Debug|Any CPU
		{25D9743B-2E63-447A-B772-C7E527215829}.Release|Any CPU.ActiveCfg = Release|Any CPU
		{25D9743B-2E63-447A-B772-C7E527215829}.Release|Any CPU.Build.0 = Release|Any CPU
		{5433C338-6B59-4A0A-AC58-666BC2957464}.Debug|Any CPU.ActiveCfg = Debug|Any CPU
		{5433C338-6B59-4A0A-AC58-666BC2957464}.Debug|Any CPU.Build.0 = Debug|Any CPU
		{5433C338-6B59-4A0A-AC58-666BC2957464}.Release|Any CPU.ActiveCfg = Release|Any CPU
		{5433C338-6B59-4A0A-AC58-666BC2957464}.Release|Any CPU.Build.0 = Release|Any CPU
		{D2C9EDAE-4FB7-4CB5-AD63-1ABF7D9E80BD}.Debug|Any CPU.ActiveCfg = Debug|Any CPU
		{D2C9EDAE-4FB7-4CB5-AD63-1ABF7D9E80BD}.Debug|Any CPU.Build.0 = Debug|Any CPU
		{D2C9EDAE-4FB7-4CB5-AD63-1ABF7D9E80BD}.Release|Any CPU.ActiveCfg = Release|Any CPU
		{D2C9EDAE-4FB7-4CB5-AD63-1ABF7D9E80BD}.Release|Any CPU.Build.0 = Release|Any CPU
		{9AF56CAB-F83B-4043-AE1C-F69D4DB15E71}.Debug|Any CPU.ActiveCfg = Debug|Any CPU
		{9AF56CAB-F83B-4043-AE1C-F69D4DB15E71}.Debug|Any CPU.Build.0 = Debug|Any CPU
		{9AF56CAB-F83B-4043-AE1C-F69D4DB15E71}.Release|Any CPU.ActiveCfg = Release|Any CPU
		{9AF56CAB-F83B-4043-AE1C-F69D4DB15E71}.Release|Any CPU.Build.0 = Release|Any CPU
		{4B7CD27B-CED0-4E0A-A90C-86411445ED13}.Debug|Any CPU.ActiveCfg = Debug|Any CPU
		{4B7CD27B-CED0-4E0A-A90C-86411445ED13}.Debug|Any CPU.Build.0 = Debug|Any CPU
		{4B7CD27B-CED0-4E0A-A90C-86411445ED13}.Release|Any CPU.ActiveCfg = Release|Any CPU
		{4B7CD27B-CED0-4E0A-A90C-86411445ED13}.Release|Any CPU.Build.0 = Release|Any CPU
	EndGlobalSection
	GlobalSection(SolutionProperties) = preSolution
		HideSolutionNode = FALSE
	EndGlobalSection
	GlobalSection(NestedProjects) = preSolution
		{EA31F03E-850A-4000-B2A4-731796CBE22C} = {83D42794-241F-4EED-99E4-C6309BA88041}
		{B541F0D1-484B-4F02-B3A5-6C66E55ED2F6} = {50685D39-00FF-4EDD-B55F-B37D1B24A5DF}
		{DA9509AE-7F11-4840-A0EC-D82A4F0072B7} = {0A3B2562-DD1E-4E0C-B170-AEE80FF4DD0C}
		{FC277E10-106E-4985-A520-23782561460F} = {50685D39-00FF-4EDD-B55F-B37D1B24A5DF}
		{413260A1-3D58-4258-96A0-8CB07A02B34B} = {50685D39-00FF-4EDD-B55F-B37D1B24A5DF}
		{ACCD1708-D77B-4B7D-84C7-C74D6141BC78} = {83D42794-241F-4EED-99E4-C6309BA88041}
		{42594BE3-582C-4B53-B9DD-6A878C58B99B} = {83D42794-241F-4EED-99E4-C6309BA88041}
		{25D9743B-2E63-447A-B772-C7E527215829} = {50685D39-00FF-4EDD-B55F-B37D1B24A5DF}
		{5433C338-6B59-4A0A-AC58-666BC2957464} = {0A3B2562-DD1E-4E0C-B170-AEE80FF4DD0C}
		{D2C9EDAE-4FB7-4CB5-AD63-1ABF7D9E80BD} = {50685D39-00FF-4EDD-B55F-B37D1B24A5DF}
		{9AF56CAB-F83B-4043-AE1C-F69D4DB15E71} = {0A3B2562-DD1E-4E0C-B170-AEE80FF4DD0C}
		{4B7CD27B-CED0-4E0A-A90C-86411445ED13} = {50685D39-00FF-4EDD-B55F-B37D1B24A5DF}
	EndGlobalSection
	GlobalSection(ExtensibilityGlobals) = postSolution
		SolutionGuid = {E973A0E9-A7CE-469B-A225-A426A3E0FAAF}
	EndGlobalSection
EndGlobal
