
Microsoft Visual Studio Solution File, Format Version 12.00
# Visual Studio Version 18
VisualStudioVersion = 18.3.11415.281 d18.3
MinimumVisualStudioVersion = 17.10.0.0
Project("{9A19103F-16F7-4668-BE54-9A1E7A4F7556}") = "TestS100Framework", "tests\Core.Tests\TestS100Framework\TestS100Framework.csproj", "{DA9509AE-7F11-4840-A0EC-D82A4F0072B7}"
EndProject
Project("{9A19103F-16F7-4668-BE54-9A1E7A4F7556}") = "S100Framework.Catalogues", "src\Core\S100Framework.Catalogues\S100Framework.Catalogues.csproj", "{FC277E10-106E-4985-A520-23782561460F}"
EndProject
Project("{9A19103F-16F7-4668-BE54-9A1E7A4F7556}") = "S100Framework.ArcGIS.Core", "src\Core\S100Framework.ArcGIS.Core\S100Framework.ArcGIS.Core.csproj", "{413260A1-3D58-4258-96A0-8CB07A02B34B}"
EndProject
Project("{2150E333-8FDC-42A3-9474-1A3956D46DE8}") = "Applications", "Applications", "{83D42794-241F-4EED-99E4-C6309BA88041}"
EndProject
Project("{9A19103F-16F7-4668-BE54-9A1E7A4F7556}") = "VortexLoader", "src\Application\VortexLoader\VortexLoader.csproj", "{ACCD1708-D77B-4B7D-84C7-C74D6141BC78}"
EndProject
Project("{2150E333-8FDC-42A3-9474-1A3956D46DE8}") = "Tests", "Tests", "{0A3B2562-DD1E-4E0C-B170-AEE80FF4DD0C}"
EndProject
Project("{2150E333-8FDC-42A3-9474-1A3956D46DE8}") = "S100Framework", "S100Framework", "{50685D39-00FF-4EDD-B55F-B37D1B24A5DF}"
EndProject
Project("{9A19103F-16F7-4668-BE54-9A1E7A4F7556}") = "S100Framework.GML", "src\Core\S100Framework.GML\S100Framework.GML.csproj", "{25D9743B-2E63-447A-B772-C7E527215829}"
EndProject
Project("{9A19103F-16F7-4668-BE54-9A1E7A4F7556}") = "TestS100Framework.Roslyn", "tests\Core.Tests\TestS100Framework.Roslyn\TestS100Framework.Roslyn.csproj", "{5433C338-6B59-4A0A-AC58-666BC2957464}"
EndProject
Project("{9A19103F-16F7-4668-BE54-9A1E7A4F7556}") = "S100Framework.WPF", "src\UI\S100Framework.WPF\S100Framework.WPF.csproj", "{D2C9EDAE-4FB7-4CB5-AD63-1ABF7D9E80BD}"
EndProject
Project("{9A19103F-16F7-4668-BE54-9A1E7A4F7556}") = "TestNisImporter", "tests\Core.Tests\TestNisImporter\TestNisImporter.csproj", "{9AF56CAB-F83B-4043-AE1C-F69D4DB15E71}"
EndProject
Project("{FAE04EC0-301F-11D3-BF4B-00C04F79EFBC}") = "S100Framework.YAML", "src\Core\S100Framework.YAML\S100Framework.YAML.csproj", "{4B7CD27B-CED0-4E0A-A90C-86411445ED13}"
EndProject
Project("{FAE04EC0-301F-11D3-BF4B-00C04F79EFBC}") = "VortexExporter", "src\Application\VortexExporter\VortexExporter.csproj", "{F9E3E620-449A-40A0-96DF-A05C6CBF8A3A}"
EndProject
Project("{FAE04EC0-301F-11D3-BF4B-00C04F79EFBC}") = "VortexDCEGBuilder", "src\Application\VortexDCEGBuilder\VortexDCEGBuilder.csproj", "{D2C4C53A-EB65-4628-9F3B-BA5723C6CA0C}"
EndProject
Project("{FAE04EC0-301F-11D3-BF4B-00C04F79EFBC}") = "VortexRoslyn", "src\Application\VortexRoslyn\VortexRoslyn.csproj", "{E4630AB3-321D-C041-8C18-3D0B0F174FE3}"
EndProject
Project("{FAE04EC0-301F-11D3-BF4B-00C04F79EFBC}") = "TestLua", "tests\Core.Tests\TestLua\TestLua.csproj", "{2F0A4EC7-B5F8-47FA-B275-3C55A18D7092}"
EndProject
Project("{FAE04EC0-301F-11D3-BF4B-00C04F79EFBC}") = "Test100Topology", "tests\Core.Tests\Test100Topology\Test100Topology.csproj", "{AE3A41DA-3876-426C-BB8E-E644472E77D7}"
EndProject
Project("{FAE04EC0-301F-11D3-BF4B-00C04F79EFBC}") = "S100Framework.ProductCatalogue", "src\Core\S100Framework.ProductCatalogue\S100Framework.ProductCatalogue.csproj", "{EC9FE7C0-5D4D-477D-9D7C-5F15CBC355F3}"
EndProject
Project("{FAE04EC0-301F-11D3-BF4B-00C04F79EFBC}") = "S100Framework.Topology", "src\Core\S100Framework.Topology\S100Framework.Topology.csproj", "{2B3783EE-ABDB-4A6E-9677-C826CD253FAD}"
EndProject
Project("{FAE04EC0-301F-11D3-BF4B-00C04F79EFBC}") = "TestProductCatalogue", "tests\Core.Tests\TestProductCatalogue\TestProductCatalogue.csproj", "{CF65EF05-C31C-C736-F115-6C87539976F5}"
EndProject
Global
	GlobalSection(SolutionConfigurationPlatforms) = preSolution
		Debug|x64 = Debug|x64
		Release|x64 = Release|x64
	EndGlobalSection
	GlobalSection(ProjectConfigurationPlatforms) = postSolution
		{DA9509AE-7F11-4840-A0EC-D82A4F0072B7}.Debug|x64.ActiveCfg = Debug|x64
		{DA9509AE-7F11-4840-A0EC-D82A4F0072B7}.Debug|x64.Build.0 = Debug|x64
		{DA9509AE-7F11-4840-A0EC-D82A4F0072B7}.Release|x64.ActiveCfg = Release|x64
		{DA9509AE-7F11-4840-A0EC-D82A4F0072B7}.Release|x64.Build.0 = Release|x64
		{FC277E10-106E-4985-A520-23782561460F}.Debug|x64.ActiveCfg = Debug|Any CPU
		{FC277E10-106E-4985-A520-23782561460F}.Debug|x64.Build.0 = Debug|Any CPU
		{FC277E10-106E-4985-A520-23782561460F}.Release|x64.ActiveCfg = Release|Any CPU
		{413260A1-3D58-4258-96A0-8CB07A02B34B}.Debug|x64.ActiveCfg = Debug|x64
		{413260A1-3D58-4258-96A0-8CB07A02B34B}.Debug|x64.Build.0 = Debug|x64
		{413260A1-3D58-4258-96A0-8CB07A02B34B}.Release|x64.ActiveCfg = Release|x64
		{413260A1-3D58-4258-96A0-8CB07A02B34B}.Release|x64.Build.0 = Release|x64
		{ACCD1708-D77B-4B7D-84C7-C74D6141BC78}.Debug|x64.ActiveCfg = Debug|x64
		{ACCD1708-D77B-4B7D-84C7-C74D6141BC78}.Debug|x64.Build.0 = Debug|x64
		{ACCD1708-D77B-4B7D-84C7-C74D6141BC78}.Release|x64.ActiveCfg = Release|x64
		{ACCD1708-D77B-4B7D-84C7-C74D6141BC78}.Release|x64.Build.0 = Release|x64
		{25D9743B-2E63-447A-B772-C7E527215829}.Debug|x64.ActiveCfg = Debug|Any CPU
		{25D9743B-2E63-447A-B772-C7E527215829}.Debug|x64.Build.0 = Debug|Any CPU
		{25D9743B-2E63-447A-B772-C7E527215829}.Release|x64.ActiveCfg = Release|Any CPU
		{5433C338-6B59-4A0A-AC58-666BC2957464}.Debug|x64.ActiveCfg = Debug|x64
		{5433C338-6B59-4A0A-AC58-666BC2957464}.Debug|x64.Build.0 = Debug|x64
		{5433C338-6B59-4A0A-AC58-666BC2957464}.Release|x64.ActiveCfg = Release|x64
		{5433C338-6B59-4A0A-AC58-666BC2957464}.Release|x64.Build.0 = Release|x64
		{D2C9EDAE-4FB7-4CB5-AD63-1ABF7D9E80BD}.Debug|x64.ActiveCfg = Debug|Any CPU
		{D2C9EDAE-4FB7-4CB5-AD63-1ABF7D9E80BD}.Debug|x64.Build.0 = Debug|Any CPU
		{D2C9EDAE-4FB7-4CB5-AD63-1ABF7D9E80BD}.Release|x64.ActiveCfg = Release|Any CPU
		{9AF56CAB-F83B-4043-AE1C-F69D4DB15E71}.Debug|x64.ActiveCfg = Debug|x64
		{9AF56CAB-F83B-4043-AE1C-F69D4DB15E71}.Debug|x64.Build.0 = Debug|x64
		{9AF56CAB-F83B-4043-AE1C-F69D4DB15E71}.Release|x64.ActiveCfg = Release|x64
		{9AF56CAB-F83B-4043-AE1C-F69D4DB15E71}.Release|x64.Build.0 = Release|x64
		{4B7CD27B-CED0-4E0A-A90C-86411445ED13}.Debug|x64.ActiveCfg = Debug|Any CPU
		{4B7CD27B-CED0-4E0A-A90C-86411445ED13}.Debug|x64.Build.0 = Debug|Any CPU
		{4B7CD27B-CED0-4E0A-A90C-86411445ED13}.Release|x64.ActiveCfg = Release|Any CPU
		{F9E3E620-449A-40A0-96DF-A05C6CBF8A3A}.Debug|x64.ActiveCfg = Debug|x64
		{F9E3E620-449A-40A0-96DF-A05C6CBF8A3A}.Debug|x64.Build.0 = Debug|x64
		{F9E3E620-449A-40A0-96DF-A05C6CBF8A3A}.Release|x64.ActiveCfg = Release|x64
		{F9E3E620-449A-40A0-96DF-A05C6CBF8A3A}.Release|x64.Build.0 = Release|x64
		{D2C4C53A-EB65-4628-9F3B-BA5723C6CA0C}.Debug|x64.ActiveCfg = Debug|x64
		{D2C4C53A-EB65-4628-9F3B-BA5723C6CA0C}.Debug|x64.Build.0 = Debug|x64
		{D2C4C53A-EB65-4628-9F3B-BA5723C6CA0C}.Release|x64.ActiveCfg = Release|x64
		{D2C4C53A-EB65-4628-9F3B-BA5723C6CA0C}.Release|x64.Build.0 = Release|x64
		{E4630AB3-321D-C041-8C18-3D0B0F174FE3}.Debug|x64.ActiveCfg = Debug|x64
		{E4630AB3-321D-C041-8C18-3D0B0F174FE3}.Debug|x64.Build.0 = Debug|x64
		{E4630AB3-321D-C041-8C18-3D0B0F174FE3}.Release|x64.ActiveCfg = Release|x64
		{E4630AB3-321D-C041-8C18-3D0B0F174FE3}.Release|x64.Build.0 = Release|x64
		{2F0A4EC7-B5F8-47FA-B275-3C55A18D7092}.Debug|x64.ActiveCfg = Debug|x64
		{2F0A4EC7-B5F8-47FA-B275-3C55A18D7092}.Debug|x64.Build.0 = Debug|x64
		{2F0A4EC7-B5F8-47FA-B275-3C55A18D7092}.Release|x64.ActiveCfg = Release|x64
		{2F0A4EC7-B5F8-47FA-B275-3C55A18D7092}.Release|x64.Build.0 = Release|x64
		{AE3A41DA-3876-426C-BB8E-E644472E77D7}.Debug|x64.ActiveCfg = Debug|x64
		{AE3A41DA-3876-426C-BB8E-E644472E77D7}.Debug|x64.Build.0 = Debug|x64
		{AE3A41DA-3876-426C-BB8E-E644472E77D7}.Release|x64.ActiveCfg = Release|x64
		{AE3A41DA-3876-426C-BB8E-E644472E77D7}.Release|x64.Build.0 = Release|x64
		{EC9FE7C0-5D4D-477D-9D7C-5F15CBC355F3}.Debug|x64.ActiveCfg = Debug|x64
		{EC9FE7C0-5D4D-477D-9D7C-5F15CBC355F3}.Debug|x64.Build.0 = Debug|x64
		{EC9FE7C0-5D4D-477D-9D7C-5F15CBC355F3}.Release|x64.ActiveCfg = Release|x64
		{2B3783EE-ABDB-4A6E-9677-C826CD253FAD}.Debug|x64.ActiveCfg = Debug|Any CPU
		{2B3783EE-ABDB-4A6E-9677-C826CD253FAD}.Debug|x64.Build.0 = Debug|Any CPU
		{2B3783EE-ABDB-4A6E-9677-C826CD253FAD}.Release|x64.ActiveCfg = Release|Any CPU
		{CF65EF05-C31C-C736-F115-6C87539976F5}.Debug|x64.ActiveCfg = Debug|x64
		{CF65EF05-C31C-C736-F115-6C87539976F5}.Debug|x64.Build.0 = Debug|x64
		{CF65EF05-C31C-C736-F115-6C87539976F5}.Release|x64.ActiveCfg = Release|x64
		{CF65EF05-C31C-C736-F115-6C87539976F5}.Release|x64.Build.0 = Release|x64
	EndGlobalSection
	GlobalSection(SolutionProperties) = preSolution
		HideSolutionNode = FALSE
	EndGlobalSection
	GlobalSection(NestedProjects) = preSolution
		{DA9509AE-7F11-4840-A0EC-D82A4F0072B7} = {0A3B2562-DD1E-4E0C-B170-AEE80FF4DD0C}
		{FC277E10-106E-4985-A520-23782561460F} = {50685D39-00FF-4EDD-B55F-B37D1B24A5DF}
		{413260A1-3D58-4258-96A0-8CB07A02B34B} = {50685D39-00FF-4EDD-B55F-B37D1B24A5DF}
		{ACCD1708-D77B-4B7D-84C7-C74D6141BC78} = {83D42794-241F-4EED-99E4-C6309BA88041}
		{25D9743B-2E63-447A-B772-C7E527215829} = {50685D39-00FF-4EDD-B55F-B37D1B24A5DF}
		{5433C338-6B59-4A0A-AC58-666BC2957464} = {0A3B2562-DD1E-4E0C-B170-AEE80FF4DD0C}
		{D2C9EDAE-4FB7-4CB5-AD63-1ABF7D9E80BD} = {50685D39-00FF-4EDD-B55F-B37D1B24A5DF}
		{9AF56CAB-F83B-4043-AE1C-F69D4DB15E71} = {0A3B2562-DD1E-4E0C-B170-AEE80FF4DD0C}
		{4B7CD27B-CED0-4E0A-A90C-86411445ED13} = {50685D39-00FF-4EDD-B55F-B37D1B24A5DF}
		{F9E3E620-449A-40A0-96DF-A05C6CBF8A3A} = {83D42794-241F-4EED-99E4-C6309BA88041}
		{D2C4C53A-EB65-4628-9F3B-BA5723C6CA0C} = {83D42794-241F-4EED-99E4-C6309BA88041}
		{E4630AB3-321D-C041-8C18-3D0B0F174FE3} = {83D42794-241F-4EED-99E4-C6309BA88041}
		{2F0A4EC7-B5F8-47FA-B275-3C55A18D7092} = {0A3B2562-DD1E-4E0C-B170-AEE80FF4DD0C}
		{AE3A41DA-3876-426C-BB8E-E644472E77D7} = {0A3B2562-DD1E-4E0C-B170-AEE80FF4DD0C}
		{EC9FE7C0-5D4D-477D-9D7C-5F15CBC355F3} = {50685D39-00FF-4EDD-B55F-B37D1B24A5DF}
		{2B3783EE-ABDB-4A6E-9677-C826CD253FAD} = {50685D39-00FF-4EDD-B55F-B37D1B24A5DF}
		{CF65EF05-C31C-C736-F115-6C87539976F5} = {0A3B2562-DD1E-4E0C-B170-AEE80FF4DD0C}
	EndGlobalSection
	GlobalSection(ExtensibilityGlobals) = postSolution
		SolutionGuid = {E973A0E9-A7CE-469B-A225-A426A3E0FAAF}
	EndGlobalSection
EndGlobal
